
Microsoft Visual Studio Solution File, Format Version 12.00
# Visual Studio Version 17
VisualStudioVersion = 17.2.32630.192
MinimumVisualStudioVersion = 10.0.40219.1
Project("{8BC9CEB8-8B4A-11D0-8D11-00A0C91BC942}") = "Functions", "Functions\Functions.vcxproj", "{7FA40A3A-7461-4A4F-AA89-AE5E5DF78BC9}"
EndProject
Project("{8BC9CEB8-8B4A-11D0-8D11-00A0C91BC942}") = "Arrays", "Arrays\Arrays.vcxproj", "{384796F9-C1E9-44C4-8C8D-4E9B1E779CBA}"
EndProject
Project("{8BC9CEB8-8B4A-11D0-8D11-00A0C91BC942}") = "ArraysClass", "ArraysClass\ArraysClass.vcxproj", "{1A34E859-DAE9-4D57-9957-E072FBBDD699}"
EndProject
Global
	GlobalSection(SolutionConfigurationPlatforms) = preSolution
		Debug|x64 = Debug|x64
		Debug|x86 = Debug|x86
		Release|x64 = Release|x64
		Release|x86 = Release|x86
	EndGlobalSection
	GlobalSection(ProjectConfigurationPlatforms) = postSolution
		{7FA40A3A-7461-4A4F-AA89-AE5E5DF78BC9}.Debug|x64.ActiveCfg = Debug|x64
		{7FA40A3A-7461-4A4F-AA89-AE5E5DF78BC9}.Debug|x64.Build.0 = Debug|x64
		{7FA40A3A-7461-4A4F-AA89-AE5E5DF78BC9}.Debug|x86.ActiveCfg = Debug|Win32
		{7FA40A3A-7461-4A4F-AA89-AE5E5DF78BC9}.Debug|x86.Build.0 = Debug|Win32
		{7FA40A3A-7461-4A4F-AA89-AE5E5DF78BC9}.Release|x64.ActiveCfg = Release|x64
		{7FA40A3A-7461-4A4F-AA89-AE5E5DF78BC9}.Release|x64.Build.0 = Release|x64
		{7FA40A3A-7461-4A4F-AA89-AE5E5DF78BC9}.Release|x86.ActiveCfg = Release|Win32
		{7FA40A3A-7461-4A4F-AA89-AE5E5DF78BC9}.Release|x86.Build.0 = Release|Win32
		{384796F9-C1E9-44C4-8C8D-4E9B1E779CBA}.Debug|x64.ActiveCfg = Debug|x64
		{384796F9-C1E9-44C4-8C8D-4E9B1E779CBA}.Debug|x64.Build.0 = Debug|x64
		{384796F9-C1E9-44C4-8C8D-4E9B1E779CBA}.Debug|x86.ActiveCfg = Debug|Win32
		{384796F9-C1E9-44C4-8C8D-4E9B1E779CBA}.Debug|x86.Build.0 = Debug|Win32
		{384796F9-C1E9-44C4-8C8D-4E9B1E779CBA}.Release|x64.ActiveCfg = Release|x64
		{384796F9-C1E9-44C4-8C8D-4E9B1E779CBA}.Release|x64.Build.0 = Release|x64
		{384796F9-C1E9-44C4-8C8D-4E9B1E779CBA}.Release|x86.ActiveCfg = Release|Win32
		{384796F9-C1E9-44C4-8C8D-4E9B1E779CBA}.Release|x86.Build.0 = Release|Win32
		{1A34E859-DAE9-4D57-9957-E072FBBDD699}.Debug|x64.ActiveCfg = Debug|x64
		{1A34E859-DAE9-4D57-9957-E072FBBDD699}.Debug|x64.Build.0 = Debug|x64
		{1A34E859-DAE9-4D57-9957-E072FBBDD699}.Debug|x86.ActiveCfg = Debug|Win32
		{1A34E859-DAE9-4D57-9957-E072FBBDD699}.Debug|x86.Build.0 = Debug|Win32
		{1A34E859-DAE9-4D57-9957-E072FBBDD699}.Release|x64.ActiveCfg = Release|x64
		{1A34E859-DAE9-4D57-9957-E072FBBDD699}.Release|x64.Build.0 = Release|x64
		{1A34E859-DAE9-4D57-9957-E072FBBDD699}.Release|x86.ActiveCfg = Release|Win32
		{1A34E859-DAE9-4D57-9957-E072FBBDD699}.Release|x86.Build.0 = Release|Win32
	EndGlobalSection
	GlobalSection(SolutionProperties) = preSolution
		HideSolutionNode = FALSE
	EndGlobalSection
	GlobalSection(ExtensibilityGlobals) = postSolution
		SolutionGuid = {932E775A-4BB7-4428-AAB8-3D3D46976F75}
	EndGlobalSection
EndGlobal
